
Microsoft Visual Studio Solution File, Format Version 12.00
# Visual Studio Version 16
VisualStudioVersion = 16.0.31205.134
MinimumVisualStudioVersion = 10.0.40219.1
Project("{FAE04EC0-301F-11D3-BF4B-00C04F79EFBC}") = "InvalidUserException", "InvalidUserException\InvalidUserException.csproj", "{DAB880DF-F78C-423F-B08E-8E45411660A2}"
EndProject
Project("{FAE04EC0-301F-11D3-BF4B-00C04F79EFBC}") = "UnitTestProject1", "UnitTestProject1\UnitTestProject1.csproj", "{B7789DB4-574F-4713-A0D5-DAEDA4F808FC}"
EndProject
Global
	GlobalSection(SolutionConfigurationPlatforms) = preSolution
		Debug|Any CPU = Debug|Any CPU
		Release|Any CPU = Release|Any CPU
	EndGlobalSection
	GlobalSection(ProjectConfigurationPlatforms) = postSolution
		{DAB880DF-F78C-423F-B08E-8E45411660A2}.Debug|Any CPU.ActiveCfg = Debug|Any CPU
		{DAB880DF-F78C-423F-B08E-8E45411660A2}.Debug|Any CPU.Build.0 = Debug|Any CPU
		{DAB880DF-F78C-423F-B08E-8E45411660A2}.Release|Any CPU.ActiveCfg = Release|Any CPU
		{DAB880DF-F78C-423F-B08E-8E45411660A2}.Release|Any CPU.Build.0 = Release|Any CPU
		{B7789DB4-574F-4713-A0D5-DAEDA4F808FC}.Debug|Any CPU.ActiveCfg = Debug|Any CPU
		{B7789DB4-574F-4713-A0D5-DAEDA4F808FC}.Debug|Any CPU.Build.0 = Debug|Any CPU
		{B7789DB4-574F-4713-A0D5-DAEDA4F808FC}.Release|Any CPU.ActiveCfg = Release|Any CPU
		{B7789DB4-574F-4713-A0D5-DAEDA4F808FC}.Release|Any CPU.Build.0 = Release|Any CPU
	EndGlobalSection
	GlobalSection(SolutionProperties) = preSolution
		HideSolutionNode = FALSE
	EndGlobalSection
	GlobalSection(ExtensibilityGlobals) = postSolution
		SolutionGuid = {05B04003-6E4B-4EA5-AAFC-F76865A7794B}
	EndGlobalSection
EndGlobal
