
Microsoft Visual Studio Solution File, Format Version 12.00
# Visual Studio Version 16
VisualStudioVersion = 16.0.31205.134
MinimumVisualStudioVersion = 10.0.40219.1
Project("{FAE04EC0-301F-11D3-BF4B-00C04F79EFBC}") = "UserPhoneNumber", "UserPhoneNumber\UserPhoneNumber.csproj", "{FA7CAA68-28F1-4CE4-9691-B5BAAF6DF810}"
EndProject
Global
	GlobalSection(SolutionConfigurationPlatforms) = preSolution
		Debug|Any CPU = Debug|Any CPU
		Release|Any CPU = Release|Any CPU
	EndGlobalSection
	GlobalSection(ProjectConfigurationPlatforms) = postSolution
		{FA7CAA68-28F1-4CE4-9691-B5BAAF6DF810}.Debug|Any CPU.ActiveCfg = Debug|Any CPU
		{FA7CAA68-28F1-4CE4-9691-B5BAAF6DF810}.Debug|Any CPU.Build.0 = Debug|Any CPU
		{FA7CAA68-28F1-4CE4-9691-B5BAAF6DF810}.Release|Any CPU.ActiveCfg = Release|Any CPU
		{FA7CAA68-28F1-4CE4-9691-B5BAAF6DF810}.Release|Any CPU.Build.0 = Release|Any CPU
	EndGlobalSection
	GlobalSection(SolutionProperties) = preSolution
		HideSolutionNode = FALSE
	EndGlobalSection
	GlobalSection(ExtensibilityGlobals) = postSolution
		SolutionGuid = {251E00A8-435F-463B-AC4B-B049FD45FBDA}
	EndGlobalSection
EndGlobal
