
Microsoft Visual Studio Solution File, Format Version 12.00
# Visual Studio Version 16
VisualStudioVersion = 16.0.31205.134
MinimumVisualStudioVersion = 10.0.40219.1
Project("{FAE04EC0-301F-11D3-BF4B-00C04F79EFBC}") = "Rule2PassWord", "Rule2PassWord\Rule2PassWord.csproj", "{3B03679A-B2C8-4E6B-BA96-DE21862BE2EA}"
EndProject
Global
	GlobalSection(SolutionConfigurationPlatforms) = preSolution
		Debug|Any CPU = Debug|Any CPU
		Release|Any CPU = Release|Any CPU
	EndGlobalSection
	GlobalSection(ProjectConfigurationPlatforms) = postSolution
		{3B03679A-B2C8-4E6B-BA96-DE21862BE2EA}.Debug|Any CPU.ActiveCfg = Debug|Any CPU
		{3B03679A-B2C8-4E6B-BA96-DE21862BE2EA}.Debug|Any CPU.Build.0 = Debug|Any CPU
		{3B03679A-B2C8-4E6B-BA96-DE21862BE2EA}.Release|Any CPU.ActiveCfg = Release|Any CPU
		{3B03679A-B2C8-4E6B-BA96-DE21862BE2EA}.Release|Any CPU.Build.0 = Release|Any CPU
	EndGlobalSection
	GlobalSection(SolutionProperties) = preSolution
		HideSolutionNode = FALSE
	EndGlobalSection
	GlobalSection(ExtensibilityGlobals) = postSolution
		SolutionGuid = {F1E29BB7-5853-4E95-81CD-F0B7800FBD1D}
	EndGlobalSection
EndGlobal
